dependencies:
- name: redis
  repository: https://charts.bitnami.com/bitnami
  version: 20.13.4
- name: postgresql
  repository: https://charts.bitnami.com/bitnami
  version: 16.7.27
digest: sha256:b36e1a317500d1c4a30a23c82292f760c09c1088a3b5bbef3d08b27989124b2c
generated: "2026-05-07T05:47:01.580465834Z"
